
Microsoft Visual Studio Solution File, Format Version 12.00
# Visual Studio 15
VisualStudioVersion = 15.0.27130.2024
MinimumVisualStudioVersion = 10.0.40219.1
Project("{FAE04EC0-301F-11D3-BF4B-00C04F79EFBC}") = "AwesomeMiner2InfluxDb", "AwesomeMiner2InfluxDb\AwesomeMiner2InfluxDb.csproj", "{43203388-CBC9-4ACC-BF55-287D34A41B2B}"
EndProject
Global
	GlobalSection(SolutionConfigurationPlatforms) = preSolution
		Debug|Any CPU = Debug|Any CPU
		Release|Any CPU = Release|Any CPU
	EndGlobalSection
	GlobalSection(ProjectConfigurationPlatforms) = postSolution
		{43203388-CBC9-4ACC-BF55-287D34A41B2B}.Debug|Any CPU.ActiveCfg = Debug|Any CPU
		{43203388-CBC9-4ACC-BF55-287D34A41B2B}.Debug|Any CPU.Build.0 = Debug|Any CPU
		{43203388-CBC9-4ACC-BF55-287D34A41B2B}.Release|Any CPU.ActiveCfg = Release|Any CPU
		{43203388-CBC9-4ACC-BF55-287D34A41B2B}.Release|Any CPU.Build.0 = Release|Any CPU
	EndGlobalSection
	GlobalSection(SolutionProperties) = preSolution
		HideSolutionNode = FALSE
	EndGlobalSection
	GlobalSection(ExtensibilityGlobals) = postSolution
		SolutionGuid = {B7E0DB35-6DA4-433D-A7DE-7EC62C73639A}
	EndGlobalSection
EndGlobal
